# THIS IS AN AUTOGENERATED FILE. DO NOT EDIT THIS FILE DIRECTLY.
# yarn lockfile v1


fastqueue@~0.1.0:
  version "0.1.0"
  resolved "https://registry.yarnpkg.com/fastqueue/-/fastqueue-0.1.0.tgz#6c691016b3806186476eeb05a717babb8f633c19"

i3@^0.2.1:
  version "0.2.1"
  resolved "https://registry.yarnpkg.com/i3/-/i3-0.2.1.tgz#ac28580bd99fbc277951978730801f9d5e7e5fe4"
  dependencies:
    fastqueue "~0.1.0"
